github.com/ebitengine/purego v0.10.0 h1:QIw4xfpWT6GWTzaW5XEKy3HXoqrJGx1ijYHzTF0/ISU=
github.com/ebitengine/purego v0.10.0/go.mod h1:iIjxzd6CiRiOG0UyXP+V1+jWqUXVjPKLAI0mRfJZTmQ=
github.com/hybridgroup/yzma v1.29.0 h1:9QoZhH6thI8wwKpsBcZCVeLF6wBGoS6tRZmJoxspeV4=
github.com/hybridgroup/yzma v1.29.0/go.mod h1:ovV3WQ5v3X53vqo9Izg/28QHEXaVasW9b4Kgkhk05T0=
github.com/jupiterrider/ffi v0.8.0 h1:IH6lto8OZaRIulQYObtZibII4tq71hXT6Z+KLBcxCcQ=
github.com/jupiterrider/ffi v0.8.0/go.mod h1:9dauhpOfNqrqk28fxuu0kkdeFtT9Qr4vbfigiuIXN7c=
golang.org/x/sys v0.42.0 h1:omrd2nAlyT5ESRdCLYdm3+fMfNFE/+Rf4bDIQImRJeo=
golang.org/x/sys v0.42.0/go.mod h1:4GL1E5IUh+htKOUEOaiffhrAeqysfVGipDYzABqnCmw=
